
Microsoft Visual Studio Solution File, Format Version 12.00
# Visual Studio Version 17
VisualStudioVersion = 17.13.35931.197
MinimumVisualStudioVersion = 10.0.40219.1
Project("{FAE04EC0-301F-11D3-BF4B-00C04F79EFBC}") = "SchoolISSupport_UserVersion", "SchoolISSupport\SchoolISSupport_UserVersion.csproj", "{05162488-278E-4C8B-BE00-50C4DBF39174}"
EndProject
Global
	GlobalSection(SolutionConfigurationPlatforms) = preSolution
		Debug|Any CPU = Debug|Any CPU
		Release|Any CPU = Release|Any CPU
	EndGlobalSection
	GlobalSection(ProjectConfigurationPlatforms) = postSolution
		{05162488-278E-4C8B-BE00-50C4DBF39174}.Debug|Any CPU.ActiveCfg = Debug|Any CPU
		{05162488-278E-4C8B-BE00-50C4DBF39174}.Debug|Any CPU.Build.0 = Debug|Any CPU
		{05162488-278E-4C8B-BE00-50C4DBF39174}.Release|Any CPU.ActiveCfg = Release|Any CPU
		{05162488-278E-4C8B-BE00-50C4DBF39174}.Release|Any CPU.Build.0 = Release|Any CPU
	EndGlobalSection
	GlobalSection(SolutionProperties) = preSolution
		HideSolutionNode = FALSE
	EndGlobalSection
	GlobalSection(ExtensibilityGlobals) = postSolution
		SolutionGuid = {441BDB2C-7B88-4B20-9298-B0DED7D53334}
	EndGlobalSection
EndGlobal
